
Microsoft Visual Studio Solution File, Format Version 12.00
# Visual Studio 14
VisualStudioVersion = 14.0.25123.0
MinimumVisualStudioVersion = 10.0.40219.1
Project("{FAE04EC0-301F-11D3-BF4B-00C04F79EFBC}") = "ThirdYearMiniProject", "ThirdYearMiniProject\ThirdYearMiniProject.csproj", "{47BD5C90-4464-41A1-A603-D25B1B56C9A5}"
EndProject
Project("{FAE04EC0-301F-11D3-BF4B-00C04F79EFBC}") = "ThirdYearMiniProject.Tests", "ThirdYearMiniProject.Tests\ThirdYearMiniProject.Tests.csproj", "{30177BA1-44F9-4588-B5C0-CED1E0BFD9C5}"
EndProject
Global
	GlobalSection(SolutionConfigurationPlatforms) = preSolution
		Debug|Any CPU = Debug|Any CPU
		Release|Any CPU = Release|Any CPU
	EndGlobalSection
	GlobalSection(ProjectConfigurationPlatforms) = postSolution
		{47BD5C90-4464-41A1-A603-D25B1B56C9A5}.Debug|Any CPU.ActiveCfg = Debug|Any CPU
		{47BD5C90-4464-41A1-A603-D25B1B56C9A5}.Debug|Any CPU.Build.0 = Debug|Any CPU
		{47BD5C90-4464-41A1-A603-D25B1B56C9A5}.Release|Any CPU.ActiveCfg = Release|Any CPU
		{47BD5C90-4464-41A1-A603-D25B1B56C9A5}.Release|Any CPU.Build.0 = Release|Any CPU
		{30177BA1-44F9-4588-B5C0-CED1E0BFD9C5}.Debug|Any CPU.ActiveCfg = Debug|Any CPU
		{30177BA1-44F9-4588-B5C0-CED1E0BFD9C5}.Debug|Any CPU.Build.0 = Debug|Any CPU
		{30177BA1-44F9-4588-B5C0-CED1E0BFD9C5}.Release|Any CPU.ActiveCfg = Release|Any CPU
		{30177BA1-44F9-4588-B5C0-CED1E0BFD9C5}.Release|Any CPU.Build.0 = Release|Any CPU
	EndGlobalSection
	GlobalSection(SolutionProperties) = preSolution
		HideSolutionNode = FALSE
	EndGlobalSection
EndGlobal
